<?xml version="1.0" encoding="utf-8"?>
<Project ToolsVersion="4.0" xmlns="http://schemas.microsoft.com/developer/msbuild/2003">
  <ItemGroup>
    <Filter Include="Source Files">
      <UniqueIdentifier>{4FC737F1-C7A5-4376-A066-2A32D752A2FF}</UniqueIdentifier>
      <Extensions>cpp;c;cc;cxx;def;odl;idl;hpj;bat;asm;asmx</Extensions>
    </Filter>
    <Filter Include="Header Files">
      <UniqueIdentifier>{93995380-89BD-4b04-88EB-625FBE52EBFB}</UniqueIdentifier>
      <Extensions>h;hh;hpp;hxx;hm;inl;inc;ipp;xsd</Extensions>
    </Filter>
    <Filter Include="Resource Files">
      <UniqueIdentifier>{67DA6AB6-F800-4c08-8B7A-83BB121AAD01}</UniqueIdentifier>
      <Extensions>rc;ico;cur;bmp;dlg;rc2;rct;bin;rgs;gif;jpg;jpeg;jpe;resx;tiff;tif;png;wav;mfcribbon-ms</Extensions>
    </Filter>
    <Filter Include="Source Files\State">
      <UniqueIdentifier>{c9961204-187e-4f05-9bf5-b3b135ae2a31}</UniqueIdentifier>
    </Filter>
    <Filter Include="Header Files\State">
      <UniqueIdentifier>{38b8109f-2c2f-4075-ae5f-2ffeeb92aed7}</UniqueIdentifier>
    </Filter>
    <Filter Include="Header Files\Editing">
      <UniqueIdentifier>{92e7d333-5e2d-454b-84c3-989437f6c67b}</UniqueIdentifier>
    </Filter>
    <Filter Include="Header Files\Viewing">
      <UniqueIdentifier>{dc727d65-67e5-40f1-b78b-c8758a732abb}</UniqueIdentifier>
    </Filter>
    <Filter Include="Source Files\Editing">
      <UniqueIdentifier>{c9a0d82e-c066-4023-9b71-d11e79db456a}</UniqueIdentifier>
    </Filter>
    <Filter Include="Source Files\Viewing">
      <UniqueIdentifier>{01a2201e-4ed1-417c-9e2b-7b192bf030cd}</UniqueIdentifier>
    </Filter>
  </ItemGroup>
  <ItemGroup>
    <ClCompile Include="Source.cpp">
      <Filter>Source Files</Filter>
    </ClCompile>
    <ClCompile Include="LineFractal.cpp">
      <Filter>Source Files</Filter>
    </ClCompile>
    <ClCompile Include="EmptyState.cpp">
      <Filter>Source Files\State</Filter>
    </ClCompile>
    <ClCompile Include="StateMachine.cpp">
      <Filter>Source Files\State</Filter>
    </ClCompile>
    <ClCompile Include="Editing.cpp">
      <Filter>Source Files\Editing</Filter>
    </ClCompile>
    <ClCompile Include="ZoomBox.cpp">
      <Filter>Source Files\Viewing</Filter>
    </ClCompile>
    <ClCompile Include="Viewing.cpp">
      <Filter>Source Files\Viewing</Filter>
    </ClCompile>
    <ClCompile Include="EditableLine.cpp">
      <Filter>Source Files\Editing</Filter>
    </ClCompile>
    <ClCompile Include="EditableLineNode.cpp">
      <Filter>Source Files\Editing</Filter>
    </ClCompile>
    <ClCompile Include="Observer.cpp">
      <Filter>Source Files</Filter>
    </ClCompile>
    <ClCompile Include="EditingGUI.cpp">
      <Filter>Source Files\Editing</Filter>
    </ClCompile>
    <ClCompile Include="SelLineWidget.cpp">
      <Filter>Source Files\Editing</Filter>
    </ClCompile>
    <ClCompile Include="EditingState.cpp">
      <Filter>Source Files\Editing</Filter>
    </ClCompile>
    <ClCompile Include="WidgetHoriStack.cpp">
      <Filter>Source Files\Editing</Filter>
    </ClCompile>
  </ItemGroup>
  <ItemGroup>
    <ClInclude Include="signum.h">
      <Filter>Header Files</Filter>
    </ClInclude>
    <ClInclude Include="LineFractal.h">
      <Filter>Header Files</Filter>
    </ClInclude>
    <ClInclude Include="Drawable.h">
      <Filter>Header Files</Filter>
    </ClInclude>
    <ClInclude Include="EmptyState.h">
      <Filter>Header Files\State</Filter>
    </ClInclude>
    <ClInclude Include="StateMachine.h">
      <Filter>Header Files\State</Filter>
    </ClInclude>
    <ClInclude Include="State.h">
      <Filter>Header Files\State</Filter>
    </ClInclude>
    <ClInclude Include="debug_printing.h">
      <Filter>Header Files</Filter>
    </ClInclude>
    <ClInclude Include="Editing.h">
      <Filter>Header Files\Editing</Filter>
    </ClInclude>
    <ClInclude Include="Viewing.h">
      <Filter>Header Files\Viewing</Filter>
    </ClInclude>
    <ClInclude Include="ZoomBox.h">
      <Filter>Header Files\Viewing</Filter>
    </ClInclude>
    <ClInclude Include="EditableLine.h">
      <Filter>Header Files\Editing</Filter>
    </ClInclude>
    <ClInclude Include="AbsLine.h">
      <Filter>Header Files</Filter>
    </ClInclude>
    <ClInclude Include="pi.h">
      <Filter>Header Files</Filter>
    </ClInclude>
    <ClInclude Include="vecutil.h">
      <Filter>Header Files</Filter>
    </ClInclude>
    <ClInclude Include="LFLine.h">
      <Filter>Header Files</Filter>
    </ClInclude>
    <ClInclude Include="EditableLineNode.h">
      <Filter>Header Files\Editing</Filter>
    </ClInclude>
    <ClInclude Include="vertarrutil.h">
      <Filter>Header Files</Filter>
    </ClInclude>
    <ClInclude Include="Observer.h">
      <Filter>Header Files</Filter>
    </ClInclude>
    <ClInclude Include="EditingGUI.h">
      <Filter>Header Files\Editing</Filter>
    </ClInclude>
    <ClInclude Include="SelLineWidget.h">
      <Filter>Header Files\Editing</Filter>
    </ClInclude>
    <ClInclude Include="EditingState.h">
      <Filter>Header Files\Editing</Filter>
    </ClInclude>
    <ClInclude Include="WidgetHoriStack.h">
      <Filter>Header Files\Editing</Filter>
    </ClInclude>
  </ItemGroup>
  <ItemGroup>
    <Text Include="other algos.txt" />
  </ItemGroup>
</Project>